
Microsoft Visual Studio Solution File, Format Version 12.00
# Visual Studio 15
VisualStudioVersion = 15.0.26124.0
MinimumVisualStudioVersion = 15.0.26124.0
Project("{FAE04EC0-301F-11D3-BF4B-00C04F79EFBC}") = "Domain", "Domain\Domain.csproj", "{D44DF9C8-E841-46A3-B956-136CADD79F63}"
EndProject
Project("{FAE04EC0-301F-11D3-BF4B-00C04F79EFBC}") = "API", "API\API.csproj", "{B33A6366-52C7-4BF4-A130-2F384E2768CB}"
EndProject
Project("{FAE04EC0-301F-11D3-BF4B-00C04F79EFBC}") = "Application", "Application\Application.csproj", "{53EB0D67-B9D9-433F-AF76-BE391DA1662B}"
EndProject
Project("{FAE04EC0-301F-11D3-BF4B-00C04F79EFBC}") = "Persistence", "Persistence\Persistence.csproj", "{F96CF8CE-4C2C-4F06-80CE-12D965B66E35}"
EndProject
Global
	GlobalSection(SolutionConfigurationPlatforms) = preSolution
		Debug|Any CPU = Debug|Any CPU
		Debug|x64 = Debug|x64
		Debug|x86 = Debug|x86
		Release|Any CPU = Release|Any CPU
		Release|x64 = Release|x64
		Release|x86 = Release|x86
	EndGlobalSection
	GlobalSection(SolutionProperties) = preSolution
		HideSolutionNode = FALSE
	EndGlobalSection
	GlobalSection(ProjectConfigurationPlatforms) = postSolution
		{D44DF9C8-E841-46A3-B956-136CADD79F63}.Debug|Any CPU.ActiveCfg = Debug|Any CPU
		{D44DF9C8-E841-46A3-B956-136CADD79F63}.Debug|Any CPU.Build.0 = Debug|Any CPU
		{D44DF9C8-E841-46A3-B956-136CADD79F63}.Debug|x64.ActiveCfg = Debug|Any CPU
		{D44DF9C8-E841-46A3-B956-136CADD79F63}.Debug|x64.Build.0 = Debug|Any CPU
		{D44DF9C8-E841-46A3-B956-136CADD79F63}.Debug|x86.ActiveCfg = Debug|Any CPU
		{D44DF9C8-E841-46A3-B956-136CADD79F63}.Debug|x86.Build.0 = Debug|Any CPU
		{D44DF9C8-E841-46A3-B956-136CADD79F63}.Release|Any CPU.ActiveCfg = Release|Any CPU
		{D44DF9C8-E841-46A3-B956-136CADD79F63}.Release|Any CPU.Build.0 = Release|Any CPU
		{D44DF9C8-E841-46A3-B956-136CADD79F63}.Release|x64.ActiveCfg = Release|Any CPU
		{D44DF9C8-E841-46A3-B956-136CADD79F63}.Release|x64.Build.0 = Release|Any CPU
		{D44DF9C8-E841-46A3-B956-136CADD79F63}.Release|x86.ActiveCfg = Release|Any CPU
		{D44DF9C8-E841-46A3-B956-136CADD79F63}.Release|x86.Build.0 = Release|Any CPU
		{B33A6366-52C7-4BF4-A130-2F384E2768CB}.Debug|Any CPU.ActiveCfg = Debug|Any CPU
		{B33A6366-52C7-4BF4-A130-2F384E2768CB}.Debug|Any CPU.Build.0 = Debug|Any CPU
		{B33A6366-52C7-4BF4-A130-2F384E2768CB}.Debug|x64.ActiveCfg = Debug|Any CPU
		{B33A6366-52C7-4BF4-A130-2F384E2768CB}.Debug|x64.Build.0 = Debug|Any CPU
		{B33A6366-52C7-4BF4-A130-2F384E2768CB}.Debug|x86.ActiveCfg = Debug|Any CPU
		{B33A6366-52C7-4BF4-A130-2F384E2768CB}.Debug|x86.Build.0 = Debug|Any CPU
		{B33A6366-52C7-4BF4-A130-2F384E2768CB}.Release|Any CPU.ActiveCfg = Release|Any CPU
		{B33A6366-52C7-4BF4-A130-2F384E2768CB}.Release|Any CPU.Build.0 = Release|Any CPU
		{B33A6366-52C7-4BF4-A130-2F384E2768CB}.Release|x64.ActiveCfg = Release|Any CPU
		{B33A6366-52C7-4BF4-A130-2F384E2768CB}.Release|x64.Build.0 = Release|Any CPU
		{B33A6366-52C7-4BF4-A130-2F384E2768CB}.Release|x86.ActiveCfg = Release|Any CPU
		{B33A6366-52C7-4BF4-A130-2F384E2768CB}.Release|x86.Build.0 = Release|Any CPU
		{53EB0D67-B9D9-433F-AF76-BE391DA1662B}.Debug|Any CPU.ActiveCfg = Debug|Any CPU
		{53EB0D67-B9D9-433F-AF76-BE391DA1662B}.Debug|Any CPU.Build.0 = Debug|Any CPU
		{53EB0D67-B9D9-433F-AF76-BE391DA1662B}.Debug|x64.ActiveCfg = Debug|Any CPU
		{53EB0D67-B9D9-433F-AF76-BE391DA1662B}.Debug|x64.Build.0 = Debug|Any CPU
		{53EB0D67-B9D9-433F-AF76-BE391DA1662B}.Debug|x86.ActiveCfg = Debug|Any CPU
		{53EB0D67-B9D9-433F-AF76-BE391DA1662B}.Debug|x86.Build.0 = Debug|Any CPU
		{53EB0D67-B9D9-433F-AF76-BE391DA1662B}.Release|Any CPU.ActiveCfg = Release|Any CPU
		{53EB0D67-B9D9-433F-AF76-BE391DA1662B}.Release|Any CPU.Build.0 = Release|Any CPU
		{53EB0D67-B9D9-433F-AF76-BE391DA1662B}.Release|x64.ActiveCfg = Release|Any CPU
		{53EB0D67-B9D9-433F-AF76-BE391DA1662B}.Release|x64.Build.0 = Release|Any CPU
		{53EB0D67-B9D9-433F-AF76-BE391DA1662B}.Release|x86.ActiveCfg = Release|Any CPU
		{53EB0D67-B9D9-433F-AF76-BE391DA1662B}.Release|x86.Build.0 = Release|Any CPU
		{F96CF8CE-4C2C-4F06-80CE-12D965B66E35}.Debug|Any CPU.ActiveCfg = Debug|Any CPU
		{F96CF8CE-4C2C-4F06-80CE-12D965B66E35}.Debug|Any CPU.Build.0 = Debug|Any CPU
		{F96CF8CE-4C2C-4F06-80CE-12D965B66E35}.Debug|x64.ActiveCfg = Debug|Any CPU
		{F96CF8CE-4C2C-4F06-80CE-12D965B66E35}.Debug|x64.Build.0 = Debug|Any CPU
		{F96CF8CE-4C2C-4F06-80CE-12D965B66E35}.Debug|x86.ActiveCfg = Debug|Any CPU
		{F96CF8CE-4C2C-4F06-80CE-12D965B66E35}.Debug|x86.Build.0 = Debug|Any CPU
		{F96CF8CE-4C2C-4F06-80CE-12D965B66E35}.Release|Any CPU.ActiveCfg = Release|Any CPU
		{F96CF8CE-4C2C-4F06-80CE-12D965B66E35}.Release|Any CPU.Build.0 = Release|Any CPU
		{F96CF8CE-4C2C-4F06-80CE-12D965B66E35}.Release|x64.ActiveCfg = Release|Any CPU
		{F96CF8CE-4C2C-4F06-80CE-12D965B66E35}.Release|x64.Build.0 = Release|Any CPU
		{F96CF8CE-4C2C-4F06-80CE-12D965B66E35}.Release|x86.ActiveCfg = Release|Any CPU
		{F96CF8CE-4C2C-4F06-80CE-12D965B66E35}.Release|x86.Build.0 = Release|Any CPU
	EndGlobalSection
EndGlobal
